
Microsoft Visual Studio Solution File, Format Version 12.00
# Visual Studio Version 17
VisualStudioVersion = 17.6.33723.286
MinimumVisualStudioVersion = 10.0.40219.1
Project("{FAE04EC0-301F-11D3-BF4B-00C04F79EFBC}") = "WanderingMouseApp", "WanderingMouse\WanderingMouseApp.csproj", "{78A831EB-DA2E-4192-A8B7-E0F39347CBE0}"
EndProject
Project("{FAE04EC0-301F-11D3-BF4B-00C04F79EFBC}") = "ODC.P5Sharp", "P5Sharp\ODC.P5Sharp.csproj", "{D256209F-A8B8-4166-9BC8-CEFC98A29908}"
EndProject
Project("{FAE04EC0-301F-11D3-BF4B-00C04F79EFBC}") = "MiceControls", "MiceControls\MiceControls.csproj", "{A35D03A4-18E5-465E-AC0A-2F0FF4386AC9}"
EndProject
Global
	GlobalSection(SolutionConfigurationPlatforms) = preSolution
		Debug|Any CPU = Debug|Any CPU
		Release|Any CPU = Release|Any CPU
	EndGlobalSection
	GlobalSection(ProjectConfigurationPlatforms) = postSolution
		{78A831EB-DA2E-4192-A8B7-E0F39347CBE0}.Debug|Any CPU.ActiveCfg = Debug|Any CPU
		{78A831EB-DA2E-4192-A8B7-E0F39347CBE0}.Debug|Any CPU.Build.0 = Debug|Any CPU
		{78A831EB-DA2E-4192-A8B7-E0F39347CBE0}.Release|Any CPU.ActiveCfg = Release|Any CPU
		{78A831EB-DA2E-4192-A8B7-E0F39347CBE0}.Release|Any CPU.Build.0 = Release|Any CPU
		{D256209F-A8B8-4166-9BC8-CEFC98A29908}.Debug|Any CPU.ActiveCfg = Debug|Any CPU
		{D256209F-A8B8-4166-9BC8-CEFC98A29908}.Debug|Any CPU.Build.0 = Debug|Any CPU
		{D256209F-A8B8-4166-9BC8-CEFC98A29908}.Release|Any CPU.ActiveCfg = Release|Any CPU
		{D256209F-A8B8-4166-9BC8-CEFC98A29908}.Release|Any CPU.Build.0 = Release|Any CPU
		{A35D03A4-18E5-465E-AC0A-2F0FF4386AC9}.Debug|Any CPU.ActiveCfg = Debug|Any CPU
		{A35D03A4-18E5-465E-AC0A-2F0FF4386AC9}.Debug|Any CPU.Build.0 = Debug|Any CPU
		{A35D03A4-18E5-465E-AC0A-2F0FF4386AC9}.Release|Any CPU.ActiveCfg = Release|Any CPU
		{A35D03A4-18E5-465E-AC0A-2F0FF4386AC9}.Release|Any CPU.Build.0 = Release|Any CPU
	EndGlobalSection
	GlobalSection(SolutionProperties) = preSolution
		HideSolutionNode = FALSE
	EndGlobalSection
	GlobalSection(ExtensibilityGlobals) = postSolution
		SolutionGuid = {AB54BA53-81FA-4808-8125-0497099F8D81}
	EndGlobalSection
EndGlobal
